// !$*UTF8*$!
{
	archiveVersion = 1;
	classes = {
	};
	objectVersion = 56;
	objects = {

/* Begin PBXBuildFile section */
		B1000001 /* FoundationModelsTestApp.swift in Sources */ = {isa = PBXBuildFile; fileRef = B2000001 /* FoundationModelsTestApp.swift */; };
		B1000002 /* ContentView.swift in Sources */ = {isa = PBXBuildFile; fileRef = B2000002 /* ContentView.swift */; };
		B1000003 /* FoundationModels.framework in Frameworks */ = {isa = PBXBuildFile; fileRef = B2000003 /* FoundationModels.framework */; settings = {ATTRIBUTES = (Weak, ); }; };
		B1000004 /* ImagePlayground.framework in Frameworks */ = {isa = PBXBuildFile; fileRef = B2000004 /* ImagePlayground.framework */; settings = {ATTRIBUTES = (Weak, ); }; };
/* End PBXBuildFile section */

/* Begin PBXFileReference section */
		B2000001 /* FoundationModelsTestApp.swift */ = {isa = PBXFileReference; lastKnownFileType = sourcecode.swift; path = FoundationModelsTestApp.swift; sourceTree = "<group>"; };
		B2000002 /* ContentView.swift */ = {isa = PBXFileReference; lastKnownFileType = sourcecode.swift; path = ContentView.swift; sourceTree = "<group>"; };
		B2000003 /* FoundationModels.framework */ = {isa = PBXFileReference; lastKnownFileType = wrapper.framework; name = FoundationModels.framework; path = System/Library/Frameworks/FoundationModels.framework; sourceTree = SDKROOT; };
		B2000004 /* ImagePlayground.framework */ = {isa = PBXFileReference; lastKnownFileType = wrapper.framework; name = ImagePlayground.framework; path = System/Library/Frameworks/ImagePlayground.framework; sourceTree = SDKROOT; };
		B2000010 /* FoundationModelsTest.app */ = {isa = PBXFileReference; explicitFileType = wrapper.application; includeInIndex = 0; path = FoundationModelsTest.app; sourceTree = BUILT_PRODUCTS_DIR; };
/* End PBXFileReference section */

/* Begin PBXFrameworksBuildPhase section */
		B3000001 /* Frameworks */ = {
			isa = PBXFrameworksBuildPhase;
			buildActionMask = 2147483647;
			files = (
				B1000003 /* FoundationModels.framework in Frameworks */,
				B1000004 /* ImagePlayground.framework in Frameworks */,
			);
			runOnlyForDeploymentPostprocessing = 0;
		};
/* End PBXFrameworksBuildPhase section */

/* Begin PBXGroup section */
		B4000001 /* Root */ = {
			isa = PBXGroup;
			children = (
				B4000002 /* FoundationModelsTest */,
				B4000003 /* Frameworks */,
				B4000004 /* Products */,
			);
			sourceTree = "<group>";
		};
		B4000002 /* FoundationModelsTest */ = {
			isa = PBXGroup;
			children = (
				B2000001 /* FoundationModelsTestApp.swift */,
				B2000002 /* ContentView.swift */,
			);
			path = FoundationModelsTest;
			sourceTree = "<group>";
		};
		B4000003 /* Frameworks */ = {
			isa = PBXGroup;
			children = (
				B2000003 /* FoundationModels.framework */,
				B2000004 /* ImagePlayground.framework */,
			);
			name = Frameworks;
			sourceTree = "<group>";
		};
		B4000004 /* Products */ = {
			isa = PBXGroup;
			children = (
				B2000010 /* FoundationModelsTest.app */,
			);
			name = Products;
			sourceTree = "<group>";
		};
/* End PBXGroup section */

/* Begin PBXNativeTarget section */
		B5000001 /* FoundationModelsTest */ = {
			isa = PBXNativeTarget;
			buildConfigurationList = B7000001 /* Build configuration list for PBXNativeTarget "FoundationModelsTest" */;
			buildPhases = (
				B3000002 /* Sources */,
				B3000001 /* Frameworks */,
			);
			buildRules = (
			);
			dependencies = (
			);
			name = FoundationModelsTest;
			productName = FoundationModelsTest;
			productReference = B2000010 /* FoundationModelsTest.app */;
			productType = "com.apple.product-type.application";
		};
/* End PBXNativeTarget section */

/* Begin PBXProject section */
		B6000001 /* Project object */ = {
			isa = PBXProject;
			attributes = {
				BuildIndependentTargetsInParallel = 1;
				LastSwiftUpdateCheck = 1620;
				LastUpgradeCheck = 1620;
			};
			buildConfigurationList = B7000002 /* Build configuration list for PBXProject "FoundationModelsTest" */;
			compatibilityVersion = "Xcode 14.0";
			developmentRegion = en;
			hasScannedForEncodings = 0;
			knownRegions = (
				en,
				Base,
			);
			mainGroup = B4000001 /* Root */;
			productRefGroup = B4000004 /* Products */;
			projectDirPath = "";
			projectRoot = "";
			targets = (
				B5000001 /* FoundationModelsTest */,
			);
		};
/* End PBXProject section */

/* Begin PBXSourcesBuildPhase section */
		B3000002 /* Sources */ = {
			isa = PBXSourcesBuildPhase;
			buildActionMask = 2147483647;
			files = (
				B1000001 /* FoundationModelsTestApp.swift in Sources */,
				B1000002 /* ContentView.swift in Sources */,
			);
			runOnlyForDeploymentPostprocessing = 0;
		};
/* End PBXSourcesBuildPhase section */

/* Begin XCBuildConfiguration section */
		B8000001 /* Debug */ = {
			isa = XCBuildConfiguration;
			buildSettings = {
				ALWAYS_SEARCH_USER_PATHS = NO;
				ASSETCATALOG_COMPILER_GENERATE_SWIFT_ASSET_SYMBOL_EXTENSIONS = YES;
				CLANG_ANALYZER_NONNULL = YES;
				CLANG_CXX_LANGUAGE_STANDARD = "gnu++20";
				CLANG_ENABLE_MODULES = YES;
				CLANG_ENABLE_OBJC_ARC = YES;
				COPY_PHASE_STRIP = NO;
				DEBUG_INFORMATION_FORMAT = dwarf;
				ENABLE_STRICT_OBJC_MSGSEND = YES;
				ENABLE_TESTABILITY = YES;
				GCC_DYNAMIC_NO_PIC = NO;
				GCC_NO_COMMON_BLOCKS = YES;
				GCC_OPTIMIZATION_LEVEL = 0;
				GCC_WARN_ABOUT_RETURN_TYPE = YES_ERROR;
				GCC_WARN_UNINITIALIZED_AUTOS = YES_AGGRESSIVE;
				GCC_WARN_UNUSED_FUNCTION = YES;
				GCC_WARN_UNUSED_VARIABLE = YES;
				MACOSX_DEPLOYMENT_TARGET = 26.0;
				MTL_ENABLE_DEBUG_INFO = INCLUDE_SOURCE;
				ONLY_ACTIVE_ARCH = YES;
				SDKROOT = macosx;
				SWIFT_ACTIVE_COMPILATION_CONDITIONS = "DEBUG $(inherited)";
				SWIFT_OPTIMIZATION_LEVEL = "-Onone";
			};
			name = Debug;
		};
		B8000002 /* Release */ = {
			isa = XCBuildConfiguration;
			buildSettings = {
				ALWAYS_SEARCH_USER_PATHS = NO;
				ASSETCATALOG_COMPILER_GENERATE_SWIFT_ASSET_SYMBOL_EXTENSIONS = YES;
				CLANG_ANALYZER_NONNULL = YES;
				CLANG_CXX_LANGUAGE_STANDARD = "gnu++20";
				CLANG_ENABLE_MODULES = YES;
				CLANG_ENABLE_OBJC_ARC = YES;
				COPY_PHASE_STRIP = NO;
				DEBUG_INFORMATION_FORMAT = "dwarf-with-dsym";
				ENABLE_NS_ASSERTIONS = NO;
				ENABLE_STRICT_OBJC_MSGSEND = YES;
				GCC_NO_COMMON_BLOCKS = YES;
				GCC_WARN_ABOUT_RETURN_TYPE = YES_ERROR;
				GCC_WARN_UNINITIALIZED_AUTOS = YES_AGGRESSIVE;
				GCC_WARN_UNUSED_FUNCTION = YES;
				GCC_WARN_UNUSED_VARIABLE = YES;
				MACOSX_DEPLOYMENT_TARGET = 26.0;
				MTL_ENABLE_DEBUG_INFO = NO;
				SDKROOT = macosx;
				SWIFT_COMPILATION_MODE = wholemodule;
			};
			name = Release;
		};
		B8000003 /* Debug */ = {
			isa = XCBuildConfiguration;
			buildSettings = {
				ASSETCATALOG_COMPILER_APPICON_NAME = AppIcon;
				CODE_SIGN_ENTITLEMENTS = "";
				CODE_SIGN_IDENTITY = "-";
				CODE_SIGN_STYLE = Automatic;
				COMBINE_HIDPI_IMAGES = YES;
				CURRENT_PROJECT_VERSION = 1;
				DEVELOPMENT_TEAM = "";
				ENABLE_HARDENED_RUNTIME = NO;
				GENERATE_INFOPLIST_FILE = YES;
				INFOPLIST_KEY_NSHumanReadableCopyright = "";
				INFOPLIST_KEY_NSPrincipalClass = NSApplication;
				MARKETING_VERSION = 1.0;
				PRODUCT_BUNDLE_IDENTIFIER = com.petflix.FoundationModelsTest;
				PRODUCT_NAME = "$(TARGET_NAME)";
				SWIFT_EMIT_LOC_STRINGS = YES;
				SWIFT_VERSION = 6.0;
			};
			name = Debug;
		};
		B8000004 /* Release */ = {
			isa = XCBuildConfiguration;
			buildSettings = {
				ASSETCATALOG_COMPILER_APPICON_NAME = AppIcon;
				CODE_SIGN_ENTITLEMENTS = "";
				CODE_SIGN_IDENTITY = "-";
				CODE_SIGN_STYLE = Automatic;
				COMBINE_HIDPI_IMAGES = YES;
				CURRENT_PROJECT_VERSION = 1;
				DEVELOPMENT_TEAM = "";
				ENABLE_HARDENED_RUNTIME = NO;
				GENERATE_INFOPLIST_FILE = YES;
				INFOPLIST_KEY_NSHumanReadableCopyright = "";
				INFOPLIST_KEY_NSPrincipalClass = NSApplication;
				MARKETING_VERSION = 1.0;
				PRODUCT_BUNDLE_IDENTIFIER = com.petflix.FoundationModelsTest;
				PRODUCT_NAME = "$(TARGET_NAME)";
				SWIFT_EMIT_LOC_STRINGS = YES;
				SWIFT_VERSION = 6.0;
			};
			name = Release;
		};
/* End XCBuildConfiguration section */

/* Begin XCConfigurationList section */
		B7000001 /* Build configuration list for PBXNativeTarget "FoundationModelsTest" */ = {
			isa = XCConfigurationList;
			buildConfigurations = (
				B8000003 /* Debug */,
				B8000004 /* Release */,
			);
			defaultConfigurationIsVisible = 0;
			defaultConfigurationName = Release;
		};
		B7000002 /* Build configuration list for PBXProject "FoundationModelsTest" */ = {
			isa = XCConfigurationList;
			buildConfigurations = (
				B8000001 /* Debug */,
				B8000002 /* Release */,
			);
			defaultConfigurationIsVisible = 0;
			defaultConfigurationName = Release;
		};
/* End XCConfigurationList section */

	};
	rootObject = B6000001 /* Project object */;
}
